
Microsoft Visual Studio Solution File, Format Version 12.00
# Visual Studio 2017
Project("{FAE04EC0-301F-11D3-BF4B-00C04F79EFBC}") = "Prototyping.Plugins", "Prototyping.Plugins.csproj", "{C00EDCBE-C8A6-39E7-C9C7-AF8C7E60D16A}"
EndProject
Project("{FAE04EC0-301F-11D3-BF4B-00C04F79EFBC}") = "Prototyping", "Prototyping.csproj", "{003E160E-FC07-7E08-F7FB-8FA535982501}"
EndProject
Project("{FAE04EC0-301F-11D3-BF4B-00C04F79EFBC}") = "Prototyping.Editor.Plugins", "Prototyping.Editor.Plugins.csproj", "{37F87185-9A7F-A30E-459B-7AC4592CF7AD}"
EndProject
Global
	GlobalSection(SolutionConfigurationPlatforms) = preSolution
		Debug|Any CPU = Debug|Any CPU
		Release|Any CPU = Release|Any CPU
	EndGlobalSection
	GlobalSection(ProjectConfigurationPlatforms) = postSolution
		{C00EDCBE-C8A6-39E7-C9C7-AF8C7E60D16A}.Debug|Any CPU.ActiveCfg = Debug|Any CPU
		{C00EDCBE-C8A6-39E7-C9C7-AF8C7E60D16A}.Debug|Any CPU.Build.0 = Debug|Any CPU
		{C00EDCBE-C8A6-39E7-C9C7-AF8C7E60D16A}.Release|Any CPU.ActiveCfg = Release|Any CPU
		{C00EDCBE-C8A6-39E7-C9C7-AF8C7E60D16A}.Release|Any CPU.Build.0 = Release|Any CPU
		{003E160E-FC07-7E08-F7FB-8FA535982501}.Debug|Any CPU.ActiveCfg = Debug|Any CPU
		{003E160E-FC07-7E08-F7FB-8FA535982501}.Debug|Any CPU.Build.0 = Debug|Any CPU
		{003E160E-FC07-7E08-F7FB-8FA535982501}.Release|Any CPU.ActiveCfg = Release|Any CPU
		{003E160E-FC07-7E08-F7FB-8FA535982501}.Release|Any CPU.Build.0 = Release|Any CPU
		{37F87185-9A7F-A30E-459B-7AC4592CF7AD}.Debug|Any CPU.ActiveCfg = Debug|Any CPU
		{37F87185-9A7F-A30E-459B-7AC4592CF7AD}.Debug|Any CPU.Build.0 = Debug|Any CPU
		{37F87185-9A7F-A30E-459B-7AC4592CF7AD}.Release|Any CPU.ActiveCfg = Release|Any CPU
		{37F87185-9A7F-A30E-459B-7AC4592CF7AD}.Release|Any CPU.Build.0 = Release|Any CPU
	EndGlobalSection
	GlobalSection(SolutionProperties) = preSolution
		HideSolutionNode = FALSE
	EndGlobalSection
EndGlobal
